
Microsoft Visual Studio Solution File, Format Version 12.00
# Visual Studio 15
VisualStudioVersion = 15.0.26124.0
MinimumVisualStudioVersion = 15.0.26124.0
Project("{FAE04EC0-301F-11D3-BF4B-00C04F79EFBC}") = "forge-sdk", "forge-sdk\forge-sdk.csproj", "{C9ABA07A-151A-49D7-A5FE-AB84B40C17A6}"
EndProject
Project("{FAE04EC0-301F-11D3-BF4B-00C04F79EFBC}") = "sample-console-app", "sample-console-app\sample-console-app.csproj", "{A2080BC7-B378-4F94-8A9D-6BFD2A7ED2BA}"
EndProject
Project("{FAE04EC0-301F-11D3-BF4B-00C04F79EFBC}") = "sample-server-app", "sample-server-app\sample-server-app.csproj", "{AD8D7449-D215-431F-B41C-E4ECFFEECB98}"
EndProject
Global
	GlobalSection(SolutionConfigurationPlatforms) = preSolution
		Debug|Any CPU = Debug|Any CPU
		Debug|x64 = Debug|x64
		Debug|x86 = Debug|x86
		Release|Any CPU = Release|Any CPU
		Release|x64 = Release|x64
		Release|x86 = Release|x86
	EndGlobalSection
	GlobalSection(SolutionProperties) = preSolution
		HideSolutionNode = FALSE
	EndGlobalSection
	GlobalSection(ProjectConfigurationPlatforms) = postSolution
		{C9ABA07A-151A-49D7-A5FE-AB84B40C17A6}.Debug|Any CPU.ActiveCfg = Debug|Any CPU
		{C9ABA07A-151A-49D7-A5FE-AB84B40C17A6}.Debug|Any CPU.Build.0 = Debug|Any CPU
		{C9ABA07A-151A-49D7-A5FE-AB84B40C17A6}.Debug|x64.ActiveCfg = Debug|Any CPU
		{C9ABA07A-151A-49D7-A5FE-AB84B40C17A6}.Debug|x64.Build.0 = Debug|Any CPU
		{C9ABA07A-151A-49D7-A5FE-AB84B40C17A6}.Debug|x86.ActiveCfg = Debug|Any CPU
		{C9ABA07A-151A-49D7-A5FE-AB84B40C17A6}.Debug|x86.Build.0 = Debug|Any CPU
		{C9ABA07A-151A-49D7-A5FE-AB84B40C17A6}.Release|Any CPU.ActiveCfg = Release|Any CPU
		{C9ABA07A-151A-49D7-A5FE-AB84B40C17A6}.Release|Any CPU.Build.0 = Release|Any CPU
		{C9ABA07A-151A-49D7-A5FE-AB84B40C17A6}.Release|x64.ActiveCfg = Release|Any CPU
		{C9ABA07A-151A-49D7-A5FE-AB84B40C17A6}.Release|x64.Build.0 = Release|Any CPU
		{C9ABA07A-151A-49D7-A5FE-AB84B40C17A6}.Release|x86.ActiveCfg = Release|Any CPU
		{C9ABA07A-151A-49D7-A5FE-AB84B40C17A6}.Release|x86.Build.0 = Release|Any CPU
		{A2080BC7-B378-4F94-8A9D-6BFD2A7ED2BA}.Debug|Any CPU.ActiveCfg = Debug|Any CPU
		{A2080BC7-B378-4F94-8A9D-6BFD2A7ED2BA}.Debug|Any CPU.Build.0 = Debug|Any CPU
		{A2080BC7-B378-4F94-8A9D-6BFD2A7ED2BA}.Debug|x64.ActiveCfg = Debug|Any CPU
		{A2080BC7-B378-4F94-8A9D-6BFD2A7ED2BA}.Debug|x64.Build.0 = Debug|Any CPU
		{A2080BC7-B378-4F94-8A9D-6BFD2A7ED2BA}.Debug|x86.ActiveCfg = Debug|Any CPU
		{A2080BC7-B378-4F94-8A9D-6BFD2A7ED2BA}.Debug|x86.Build.0 = Debug|Any CPU
		{A2080BC7-B378-4F94-8A9D-6BFD2A7ED2BA}.Release|Any CPU.ActiveCfg = Release|Any CPU
		{A2080BC7-B378-4F94-8A9D-6BFD2A7ED2BA}.Release|Any CPU.Build.0 = Release|Any CPU
		{A2080BC7-B378-4F94-8A9D-6BFD2A7ED2BA}.Release|x64.ActiveCfg = Release|Any CPU
		{A2080BC7-B378-4F94-8A9D-6BFD2A7ED2BA}.Release|x64.Build.0 = Release|Any CPU
		{A2080BC7-B378-4F94-8A9D-6BFD2A7ED2BA}.Release|x86.ActiveCfg = Release|Any CPU
		{A2080BC7-B378-4F94-8A9D-6BFD2A7ED2BA}.Release|x86.Build.0 = Release|Any CPU
		{AD8D7449-D215-431F-B41C-E4ECFFEECB98}.Debug|Any CPU.ActiveCfg = Debug|Any CPU
		{AD8D7449-D215-431F-B41C-E4ECFFEECB98}.Debug|Any CPU.Build.0 = Debug|Any CPU
		{AD8D7449-D215-431F-B41C-E4ECFFEECB98}.Debug|x64.ActiveCfg = Debug|Any CPU
		{AD8D7449-D215-431F-B41C-E4ECFFEECB98}.Debug|x64.Build.0 = Debug|Any CPU
		{AD8D7449-D215-431F-B41C-E4ECFFEECB98}.Debug|x86.ActiveCfg = Debug|Any CPU
		{AD8D7449-D215-431F-B41C-E4ECFFEECB98}.Debug|x86.Build.0 = Debug|Any CPU
		{AD8D7449-D215-431F-B41C-E4ECFFEECB98}.Release|Any CPU.ActiveCfg = Release|Any CPU
		{AD8D7449-D215-431F-B41C-E4ECFFEECB98}.Release|Any CPU.Build.0 = Release|Any CPU
		{AD8D7449-D215-431F-B41C-E4ECFFEECB98}.Release|x64.ActiveCfg = Release|Any CPU
		{AD8D7449-D215-431F-B41C-E4ECFFEECB98}.Release|x64.Build.0 = Release|Any CPU
		{AD8D7449-D215-431F-B41C-E4ECFFEECB98}.Release|x86.ActiveCfg = Release|Any CPU
		{AD8D7449-D215-431F-B41C-E4ECFFEECB98}.Release|x86.Build.0 = Release|Any CPU
	EndGlobalSection
EndGlobal
